
Microsoft Visual Studio Solution File, Format Version 12.00
# Visual Studio Version 16
VisualStudioVersion = 16.0.30114.105
MinimumVisualStudioVersion = 10.0.40219.1
Project("{FAE04EC0-301F-11D3-BF4B-00C04F79EFBC}") = "API", "API\API.csproj", "{DD6400C4-AF05-4584-9B1B-657D382D09F5}"
EndProject
Project("{FAE04EC0-301F-11D3-BF4B-00C04F79EFBC}") = "Application", "Application\Application.csproj", "{3ED00B78-9FD5-44BE-8A89-F82B17C21151}"
EndProject
Project("{FAE04EC0-301F-11D3-BF4B-00C04F79EFBC}") = "Persistence", "Persistence\Persistence.csproj", "{8FFDD873-07A0-4C36-BAE2-86B3AEB9C2CF}"
EndProject
Project("{FAE04EC0-301F-11D3-BF4B-00C04F79EFBC}") = "Domain", "Domain\Domain.csproj", "{8FB0852A-942C-4F23-B76B-F9EA6B8E51F6}"
EndProject
Project("{FAE04EC0-301F-11D3-BF4B-00C04F79EFBC}") = "Infrastructure", "Infrastructure\Infrastructure.csproj", "{71E5CB5B-D19A-4310-BFF4-D6338430E490}"
EndProject
Global
	GlobalSection(SolutionConfigurationPlatforms) = preSolution
		Debug|Any CPU = Debug|Any CPU
		Release|Any CPU = Release|Any CPU
	EndGlobalSection
	GlobalSection(SolutionProperties) = preSolution
		HideSolutionNode = FALSE
	EndGlobalSection
	GlobalSection(ProjectConfigurationPlatforms) = postSolution
		{DD6400C4-AF05-4584-9B1B-657D382D09F5}.Debug|Any CPU.ActiveCfg = Debug|Any CPU
		{DD6400C4-AF05-4584-9B1B-657D382D09F5}.Debug|Any CPU.Build.0 = Debug|Any CPU
		{DD6400C4-AF05-4584-9B1B-657D382D09F5}.Release|Any CPU.ActiveCfg = Release|Any CPU
		{DD6400C4-AF05-4584-9B1B-657D382D09F5}.Release|Any CPU.Build.0 = Release|Any CPU
		{3ED00B78-9FD5-44BE-8A89-F82B17C21151}.Debug|Any CPU.ActiveCfg = Debug|Any CPU
		{3ED00B78-9FD5-44BE-8A89-F82B17C21151}.Debug|Any CPU.Build.0 = Debug|Any CPU
		{3ED00B78-9FD5-44BE-8A89-F82B17C21151}.Release|Any CPU.ActiveCfg = Release|Any CPU
		{3ED00B78-9FD5-44BE-8A89-F82B17C21151}.Release|Any CPU.Build.0 = Release|Any CPU
		{8FFDD873-07A0-4C36-BAE2-86B3AEB9C2CF}.Debug|Any CPU.ActiveCfg = Debug|Any CPU
		{8FFDD873-07A0-4C36-BAE2-86B3AEB9C2CF}.Debug|Any CPU.Build.0 = Debug|Any CPU
		{8FFDD873-07A0-4C36-BAE2-86B3AEB9C2CF}.Release|Any CPU.ActiveCfg = Release|Any CPU
		{8FFDD873-07A0-4C36-BAE2-86B3AEB9C2CF}.Release|Any CPU.Build.0 = Release|Any CPU
		{8FB0852A-942C-4F23-B76B-F9EA6B8E51F6}.Debug|Any CPU.ActiveCfg = Debug|Any CPU
		{8FB0852A-942C-4F23-B76B-F9EA6B8E51F6}.Debug|Any CPU.Build.0 = Debug|Any CPU
		{8FB0852A-942C-4F23-B76B-F9EA6B8E51F6}.Release|Any CPU.ActiveCfg = Release|Any CPU
		{8FB0852A-942C-4F23-B76B-F9EA6B8E51F6}.Release|Any CPU.Build.0 = Release|Any CPU
		{71E5CB5B-D19A-4310-BFF4-D6338430E490}.Debug|Any CPU.ActiveCfg = Debug|Any CPU
		{71E5CB5B-D19A-4310-BFF4-D6338430E490}.Debug|Any CPU.Build.0 = Debug|Any CPU
		{71E5CB5B-D19A-4310-BFF4-D6338430E490}.Release|Any CPU.ActiveCfg = Release|Any CPU
		{71E5CB5B-D19A-4310-BFF4-D6338430E490}.Release|Any CPU.Build.0 = Release|Any CPU
	EndGlobalSection
EndGlobal
